// !$*UTF8*$!
{
	archiveVersion = 1;
	classes = {
	};
	objectVersion = 46;
	objects = {

/* Begin PBXBuildFile section */
		DB0F4F2B1DF7F16A005D3E56 /* main.m in Sources */ = {isa = PBXBuildFile; fileRef = DB0F4F2A1DF7F16A005D3E56 /* main.m */; };
		DB0F4F2E1DF7F16A005D3E56 /* AppDelegate.m in Sources */ = {isa = PBXBuildFile; fileRef = DB0F4F2D1DF7F16A005D3E56 /* AppDelegate.m */; };
		DB0F4F311DF7F16A005D3E56 /* ViewController.m in Sources */ = {isa = PBXBuildFile; fileRef = DB0F4F301DF7F16A005D3E56 /* ViewController.m */; };
		DB0F4F341DF7F16A005D3E56 /* Main.storyboard in Resources */ = {isa = PBXBuildFile; fileRef = DB0F4F321DF7F16A005D3E56 /* Main.storyboard */; };
		DB0F4F361DF7F16A005D3E56 /* Assets.xcassets in Resources */ = {isa = PBXBuildFile; fileRef = DB0F4F351DF7F16A005D3E56 /* Assets.xcassets */; };
		DB0F4F391DF7F16A005D3E56 /* LaunchScreen.storyboard in Resources */ = {isa = PBXBuildFile; fileRef = DB0F4F371DF7F16A005D3E56 /* LaunchScreen.storyboard */; };
		DB0F4F441DF7F16A005D3E56 /* BuilderTests.m in Sources */ = {isa = PBXBuildFile; fileRef = DB0F4F431DF7F16A005D3E56 /* BuilderTests.m */; };
		DB0F4F4F1DF7F16A005D3E56 /* BuilderUITests.m in Sources */ = {isa = PBXBuildFile; fileRef = DB0F4F4E1DF7F16A005D3E56 /* BuilderUITests.m */; };
/* End PBXBuildFile section */

/* Begin PBXContainerItemProxy section */
		DB0F4F401DF7F16A005D3E56 /* PBXContainerItemProxy */ = {
			isa = PBXContainerItemProxy;
			containerPortal = DB0F4F1E1DF7F16A005D3E56 /* Project object */;
			proxyType = 1;
			remoteGlobalIDString = DB0F4F251DF7F16A005D3E56;
			remoteInfo = Builder;
		};
		DB0F4F4B1DF7F16A005D3E56 /* PBXContainerItemProxy */ = {
			isa = PBXContainerItemProxy;
			containerPortal = DB0F4F1E1DF7F16A005D3E56 /* Project object */;
			proxyType = 1;
			remoteGlobalIDString = DB0F4F251DF7F16A005D3E56;
			remoteInfo = Builder;
		};
/* End PBXContainerItemProxy section */

/* Begin PBXFileReference section */
		DB0F4F261DF7F16A005D3E56 /* Builder.app */ = {isa = PBXFileReference; explicitFileType = wrapper.application; includeInIndex = 0; path = Builder.app; sourceTree = BUILT_PRODUCTS_DIR; };
		DB0F4F2A1DF7F16A005D3E56 /* main.m */ = {isa = PBXFileReference; lastKnownFileType = sourcecode.c.objc; path = main.m; sourceTree = "<group>"; };
		DB0F4F2C1DF7F16A005D3E56 /* AppDelegate.h */ = {isa = PBXFileReference; lastKnownFileType = sourcecode.c.h; path = AppDelegate.h; sourceTree = "<group>"; };
		DB0F4F2D1DF7F16A005D3E56 /* AppDelegate.m */ = {isa = PBXFileReference; lastKnownFileType = sourcecode.c.objc; path = AppDelegate.m; sourceTree = "<group>"; };
		DB0F4F2F1DF7F16A005D3E56 /* ViewController.h */ = {isa = PBXFileReference; lastKnownFileType = sourcecode.c.h; path = ViewController.h; sourceTree = "<group>"; };
		DB0F4F301DF7F16A005D3E56 /* ViewController.m */ = {isa = PBXFileReference; lastKnownFileType = sourcecode.c.objc; path = ViewController.m; sourceTree = "<group>"; };
		DB0F4F331DF7F16A005D3E56 /* Base */ = {isa = PBXFileReference; lastKnownFileType = file.storyboard; name = Base; path = Base.lproj/Main.storyboard; sourceTree = "<group>"; };
		DB0F4F351DF7F16A005D3E56 /* Assets.xcassets */ = {isa = PBXFileReference; lastKnownFileType = folder.assetcatalog; path = Assets.xcassets; sourceTree = "<group>"; };
		DB0F4F381DF7F16A005D3E56 /* Base */ = {isa = PBXFileReference; lastKnownFileType = file.storyboard; name = Base; path = Base.lproj/LaunchScreen.storyboard; sourceTree = "<group>"; };
		DB0F4F3A1DF7F16A005D3E56 /* Info.plist */ = {isa = PBXFileReference; lastKnownFileType = text.plist.xml; path = Info.plist; sourceTree = "<group>"; };
		DB0F4F3F1DF7F16A005D3E56 /* BuilderTests.xctest */ = {isa = PBXFileReference; explicitFileType = wrapper.cfbundle; includeInIndex = 0; path = BuilderTests.xctest; sourceTree = BUILT_PRODUCTS_DIR; };
		DB0F4F431DF7F16A005D3E56 /* BuilderTests.m */ = {isa = PBXFileReference; lastKnownFileType = sourcecode.c.objc; path = BuilderTests.m; sourceTree = "<group>"; };
		DB0F4F451DF7F16A005D3E56 /* Info.plist */ = {isa = PBXFileReference; lastKnownFileType = text.plist.xml; path = Info.plist; sourceTree = "<group>"; };
		DB0F4F4A1DF7F16A005D3E56 /* BuilderUITests.xctest */ = {isa = PBXFileReference; explicitFileType = wrapper.cfbundle; includeInIndex = 0; path = BuilderUITests.xctest; sourceTree = BUILT_PRODUCTS_DIR; };
		DB0F4F4E1DF7F16A005D3E56 /* BuilderUITests.m */ = {isa = PBXFileReference; lastKnownFileType = sourcecode.c.objc; path = BuilderUITests.m; sourceTree = "<group>"; };
		DB0F4F501DF7F16A005D3E56 /* Info.plist */ = {isa = PBXFileReference; lastKnownFileType = text.plist.xml; path = Info.plist; sourceTree = "<group>"; };
/* End PBXFileReference section */

/* Begin PBXFrameworksBuildPhase section */
		DB0F4F231DF7F16A005D3E56 /* Frameworks */ = {
			isa = PBXFrameworksBuildPhase;
			buildActionMask = 2147483647;
			files = (
			);
			runOnlyForDeploymentPostprocessing = 0;
		};
		DB0F4F3C1DF7F16A005D3E56 /* Frameworks */ = {
			isa = PBXFrameworksBuildPhase;
			buildActionMask = 2147483647;
			files = (
			);
			runOnlyForDeploymentPostprocessing = 0;
		};
		DB0F4F471DF7F16A005D3E56 /* Frameworks */ = {
			isa = PBXFrameworksBuildPhase;
			buildActionMask = 2147483647;
			files = (
			);
			runOnlyForDeploymentPostprocessing = 0;
		};
/* End PBXFrameworksBuildPhase section */

/* Begin PBXGroup section */
		DB0F4F1D1DF7F169005D3E56 = {
			isa = PBXGroup;
			children = (
				DB0F4F281DF7F16A005D3E56 /* Builder */,
				DB0F4F421DF7F16A005D3E56 /* BuilderTests */,
				DB0F4F4D1DF7F16A005D3E56 /* BuilderUITests */,
				DB0F4F271DF7F16A005D3E56 /* Products */,
			);
			sourceTree = "<group>";
		};
		DB0F4F271DF7F16A005D3E56 /* Products */ = {
			isa = PBXGroup;
			children = (
				DB0F4F261DF7F16A005D3E56 /* Builder.app */,
				DB0F4F3F1DF7F16A005D3E56 /* BuilderTests.xctest */,
				DB0F4F4A1DF7F16A005D3E56 /* BuilderUITests.xctest */,
			);
			name = Products;
			sourceTree = "<group>";
		};
		DB0F4F281DF7F16A005D3E56 /* Builder */ = {
			isa = PBXGroup;
			children = (
				DB0F4F2C1DF7F16A005D3E56 /* AppDelegate.h */,
				DB0F4F2D1DF7F16A005D3E56 /* AppDelegate.m */,
				DB0F4F2F1DF7F16A005D3E56 /* ViewController.h */,
				DB0F4F301DF7F16A005D3E56 /* ViewController.m */,
				DB0F4F321DF7F16A005D3E56 /* Main.storyboard */,
				DB0F4F351DF7F16A005D3E56 /* Assets.xcassets */,
				DB0F4F371DF7F16A005D3E56 /* LaunchScreen.storyboard */,
				DB0F4F3A1DF7F16A005D3E56 /* Info.plist */,
				DB0F4F291DF7F16A005D3E56 /* Supporting Files */,
			);
			path = Builder;
			sourceTree = "<group>";
		};
		DB0F4F291DF7F16A005D3E56 /* Supporting Files */ = {
			isa = PBXGroup;
			children = (
				DB0F4F2A1DF7F16A005D3E56 /* main.m */,
			);
			name = "Supporting Files";
			sourceTree = "<group>";
		};
		DB0F4F421DF7F16A005D3E56 /* BuilderTests */ = {
			isa = PBXGroup;
			children = (
				DB0F4F431DF7F16A005D3E56 /* BuilderTests.m */,
				DB0F4F451DF7F16A005D3E56 /* Info.plist */,
			);
			path = BuilderTests;
			sourceTree = "<group>";
		};
		DB0F4F4D1DF7F16A005D3E56 /* BuilderUITests */ = {
			isa = PBXGroup;
			children = (
				DB0F4F4E1DF7F16A005D3E56 /* BuilderUITests.m */,
				DB0F4F501DF7F16A005D3E56 /* Info.plist */,
			);
			path = BuilderUITests;
			sourceTree = "<group>";
		};
/* End PBXGroup section */

/* Begin PBXNativeTarget section */
		DB0F4F251DF7F16A005D3E56 /* Builder */ = {
			isa = PBXNativeTarget;
			buildConfigurationList = DB0F4F531DF7F16A005D3E56 /* Build configuration list for PBXNativeTarget "Builder" */;
			buildPhases = (
				DB0F4F221DF7F16A005D3E56 /* Sources */,
				DB0F4F231DF7F16A005D3E56 /* Frameworks */,
				DB0F4F241DF7F16A005D3E56 /* Resources */,
			);
			buildRules = (
			);
			dependencies = (
			);
			name = Builder;
			productName = Builder;
			productReference = DB0F4F261DF7F16A005D3E56 /* Builder.app */;
			productType = "com.apple.product-type.application";
		};
		DB0F4F3E1DF7F16A005D3E56 /* BuilderTests */ = {
			isa = PBXNativeTarget;
			buildConfigurationList = DB0F4F561DF7F16A005D3E56 /* Build configuration list for PBXNativeTarget "BuilderTests" */;
			buildPhases = (
				DB0F4F3B1DF7F16A005D3E56 /* Sources */,
				DB0F4F3C1DF7F16A005D3E56 /* Frameworks */,
				DB0F4F3D1DF7F16A005D3E56 /* Resources */,
			);
			buildRules = (
			);
			dependencies = (
				DB0F4F411DF7F16A005D3E56 /* PBXTargetDependency */,
			);
			name = BuilderTests;
			productName = BuilderTests;
			productReference = DB0F4F3F1DF7F16A005D3E56 /* BuilderTests.xctest */;
			productType = "com.apple.product-type.bundle.unit-test";
		};
		DB0F4F491DF7F16A005D3E56 /* BuilderUITests */ = {
			isa = PBXNativeTarget;
			buildConfigurationList = DB0F4F591DF7F16A005D3E56 /* Build configuration list for PBXNativeTarget "BuilderUITests" */;
			buildPhases = (
				DB0F4F461DF7F16A005D3E56 /* Sources */,
				DB0F4F471DF7F16A005D3E56 /* Frameworks */,
				DB0F4F481DF7F16A005D3E56 /* Resources */,
			);
			buildRules = (
			);
			dependencies = (
				DB0F4F4C1DF7F16A005D3E56 /* PBXTargetDependency */,
			);
			name = BuilderUITests;
			productName = BuilderUITests;
			productReference = DB0F4F4A1DF7F16A005D3E56 /* BuilderUITests.xctest */;
			productType = "com.apple.product-type.bundle.ui-testing";
		};
/* End PBXNativeTarget section */

/* Begin PBXProject section */
		DB0F4F1E1DF7F16A005D3E56 /* Project object */ = {
			isa = PBXProject;
			attributes = {
				LastUpgradeCheck = 0800;
				ORGANIZATIONNAME = "Igor NIkolaev";
				TargetAttributes = {
					DB0F4F251DF7F16A005D3E56 = {
						CreatedOnToolsVersion = 8.0;
						ProvisioningStyle = Automatic;
					};
					DB0F4F3E1DF7F16A005D3E56 = {
						CreatedOnToolsVersion = 8.0;
						ProvisioningStyle = Automatic;
						TestTargetID = DB0F4F251DF7F16A005D3E56;
					};
					DB0F4F491DF7F16A005D3E56 = {
						CreatedOnToolsVersion = 8.0;
						ProvisioningStyle = Automatic;
						TestTargetID = DB0F4F251DF7F16A005D3E56;
					};
				};
			};
			buildConfigurationList = DB0F4F211DF7F16A005D3E56 /* Build configuration list for PBXProject "Builder" */;
			compatibilityVersion = "Xcode 3.2";
			developmentRegion = English;
			hasScannedForEncodings = 0;
			knownRegions = (
				en,
				Base,
			);
			mainGroup = DB0F4F1D1DF7F169005D3E56;
			productRefGroup = DB0F4F271DF7F16A005D3E56 /* Products */;
			projectDirPath = "";
			projectRoot = "";
			targets = (
				DB0F4F251DF7F16A005D3E56 /* Builder */,
				DB0F4F3E1DF7F16A005D3E56 /* BuilderTests */,
				DB0F4F491DF7F16A005D3E56 /* BuilderUITests */,
			);
		};
/* End PBXProject section */

/* Begin PBXResourcesBuildPhase section */
		DB0F4F241DF7F16A005D3E56 /* Resources */ = {
			isa = PBXResourcesBuildPhase;
			buildActionMask = 2147483647;
			files = (
				DB0F4F391DF7F16A005D3E56 /* LaunchScreen.storyboard in Resources */,
				DB0F4F361DF7F16A005D3E56 /* Assets.xcassets in Resources */,
				DB0F4F341DF7F16A005D3E56 /* Main.storyboard in Resources */,
			);
			runOnlyForDeploymentPostprocessing = 0;
		};
		DB0F4F3D1DF7F16A005D3E56 /* Resources */ = {
			isa = PBXResourcesBuildPhase;
			buildActionMask = 2147483647;
			files = (
			);
			runOnlyForDeploymentPostprocessing = 0;
		};
		DB0F4F481DF7F16A005D3E56 /* Resources */ = {
			isa = PBXResourcesBuildPhase;
			buildActionMask = 2147483647;
			files = (
			);
			runOnlyForDeploymentPostprocessing = 0;
		};
/* End PBXResourcesBuildPhase section */

/* Begin PBXSourcesBuildPhase section */
		DB0F4F221DF7F16A005D3E56 /* Sources */ = {
			isa = PBXSourcesBuildPhase;
			buildActionMask = 2147483647;
			files = (
				DB0F4F311DF7F16A005D3E56 /* ViewController.m in Sources */,
				DB0F4F2E1DF7F16A005D3E56 /* AppDelegate.m in Sources */,
				DB0F4F2B1DF7F16A005D3E56 /* main.m in Sources */,
			);
			runOnlyForDeploymentPostprocessing = 0;
		};
		DB0F4F3B1DF7F16A005D3E56 /* Sources */ = {
			isa = PBXSourcesBuildPhase;
			buildActionMask = 2147483647;
			files = (
				DB0F4F441DF7F16A005D3E56 /* BuilderTests.m in Sources */,
			);
			runOnlyForDeploymentPostprocessing = 0;
		};
		DB0F4F461DF7F16A005D3E56 /* Sources */ = {
			isa = PBXSourcesBuildPhase;
			buildActionMask = 2147483647;
			files = (
				DB0F4F4F1DF7F16A005D3E56 /* BuilderUITests.m in Sources */,
			);
			runOnlyForDeploymentPostprocessing = 0;
		};
/* End PBXSourcesBuildPhase section */

/* Begin PBXTargetDependency section */
		DB0F4F411DF7F16A005D3E56 /* PBXTargetDependency */ = {
			isa = PBXTargetDependency;
			target = DB0F4F251DF7F16A005D3E56 /* Builder */;
			targetProxy = DB0F4F401DF7F16A005D3E56 /* PBXContainerItemProxy */;
		};
		DB0F4F4C1DF7F16A005D3E56 /* PBXTargetDependency */ = {
			isa = PBXTargetDependency;
			target = DB0F4F251DF7F16A005D3E56 /* Builder */;
			targetProxy = DB0F4F4B1DF7F16A005D3E56 /* PBXContainerItemProxy */;
		};
/* End PBXTargetDependency section */

/* Begin PBXVariantGroup section */
		DB0F4F321DF7F16A005D3E56 /* Main.storyboard */ = {
			isa = PBXVariantGroup;
			children = (
				DB0F4F331DF7F16A005D3E56 /* Base */,
			);
			name = Main.storyboard;
			sourceTree = "<group>";
		};
		DB0F4F371DF7F16A005D3E56 /* LaunchScreen.storyboard */ = {
			isa = PBXVariantGroup;
			children = (
				DB0F4F381DF7F16A005D3E56 /* Base */,
			);
			name = LaunchScreen.storyboard;
			sourceTree = "<group>";
		};
/* End PBXVariantGroup section */

/* Begin XCBuildConfiguration section */
		DB0F4F511DF7F16A005D3E56 /* Debug */ = {
			isa = XCBuildConfiguration;
			buildSettings = {
				ALWAYS_SEARCH_USER_PATHS = NO;
				CLANG_ANALYZER_NONNULL = YES;
				CLANG_CXX_LANGUAGE_STANDARD = "gnu++0x";
				CLANG_CXX_LIBRARY = "libc++";
				CLANG_ENABLE_MODULES = YES;
				CLANG_ENABLE_OBJC_ARC = YES;
				CLANG_WARN_BOOL_CONVERSION = YES;
				CLANG_WARN_CONSTANT_CONVERSION = YES;
				CLANG_WARN_DIRECT_OBJC_ISA_USAGE = YES_ERROR;
				CLANG_WARN_DOCUMENTATION_COMMENTS = YES;
				CLANG_WARN_EMPTY_BODY = YES;
				CLANG_WARN_ENUM_CONVERSION = YES;
				CLANG_WARN_INFINITE_RECURSION = YES;
				CLANG_WARN_INT_CONVERSION = YES;
				CLANG_WARN_OBJC_ROOT_CLASS = YES_ERROR;
				CLANG_WARN_SUSPICIOUS_MOVES = YES;
				CLANG_WARN_UNREACHABLE_CODE = YES;
				CLANG_WARN__DUPLICATE_METHOD_MATCH = YES;
				"CODE_SIGN_IDENTITY[sdk=iphoneos*]" = "iPhone Developer";
				COPY_PHASE_STRIP = NO;
				DEBUG_INFORMATION_FORMAT = dwarf;
				ENABLE_STRICT_OBJC_MSGSEND = YES;
				ENABLE_TESTABILITY = YES;
				GCC_C_LANGUAGE_STANDARD = gnu99;
				GCC_DYNAMIC_NO_PIC = NO;
				GCC_NO_COMMON_BLOCKS = YES;
				GCC_OPTIMIZATION_LEVEL = 0;
				GCC_PREPROCESSOR_DEFINITIONS = (
					"DEBUG=1",
					"$(inherited)",
				);
				GCC_WARN_64_TO_32_BIT_CONVERSION = YES;
				GCC_WARN_ABOUT_RETURN_TYPE = YES_ERROR;
				GCC_WARN_UNDECLARED_SELECTOR = YES;
				GCC_WARN_UNINITIALIZED_AUTOS = YES_AGGRESSIVE;
				GCC_WARN_UNUSED_FUNCTION = YES;
				GCC_WARN_UNUSED_VARIABLE = YES;
				IPHONEOS_DEPLOYMENT_TARGET = 10.0;
				MTL_ENABLE_DEBUG_INFO = YES;
				ONLY_ACTIVE_ARCH = YES;
				SDKROOT = iphoneos;
				TARGETED_DEVICE_FAMILY = "1,2";
			};
			name = Debug;
		};
		DB0F4F521DF7F16A005D3E56 /* Release */ = {
			isa = XCBuildConfiguration;
			buildSettings = {
				ALWAYS_SEARCH_USER_PATHS = NO;
				CLANG_ANALYZER_NONNULL = YES;
				CLANG_CXX_LANGUAGE_STANDARD = "gnu++0x";
				CLANG_CXX_LIBRARY = "libc++";
				CLANG_ENABLE_MODULES = YES;
				CLANG_ENABLE_OBJC_ARC = YES;
				CLANG_WARN_BOOL_CONVERSION = YES;
				CLANG_WARN_CONSTANT_CONVERSION = YES;
				CLANG_WARN_DIRECT_OBJC_ISA_USAGE = YES_ERROR;
				CLANG_WARN_DOCUMENTATION_COMMENTS = YES;
				CLANG_WARN_EMPTY_BODY = YES;
				CLANG_WARN_ENUM_CONVERSION = YES;
				CLANG_WARN_INFINITE_RECURSION = YES;
				CLANG_WARN_INT_CONVERSION = YES;
				CLANG_WARN_OBJC_ROOT_CLASS = YES_ERROR;
				CLANG_WARN_SUSPICIOUS_MOVES = YES;
				CLANG_WARN_UNREACHABLE_CODE = YES;
				CLANG_WARN__DUPLICATE_METHOD_MATCH = YES;
				"CODE_SIGN_IDENTITY[sdk=iphoneos*]" = "iPhone Developer";
				COPY_PHASE_STRIP = NO;
				DEBUG_INFORMATION_FORMAT = "dwarf-with-dsym";
				ENABLE_NS_ASSERTIONS = NO;
				ENABLE_STRICT_OBJC_MSGSEND = YES;
				GCC_C_LANGUAGE_STANDARD = gnu99;
				GCC_NO_COMMON_BLOCKS = YES;
				GCC_WARN_64_TO_32_BIT_CONVERSION = YES;
				GCC_WARN_ABOUT_RETURN_TYPE = YES_ERROR;
				GCC_WARN_UNDECLARED_SELECTOR = YES;
				GCC_WARN_UNINITIALIZED_AUTOS = YES_AGGRESSIVE;
				GCC_WARN_UNUSED_FUNCTION = YES;
				GCC_WARN_UNUSED_VARIABLE = YES;
				IPHONEOS_DEPLOYMENT_TARGET = 10.0;
				MTL_ENABLE_DEBUG_INFO = NO;
				SDKROOT = iphoneos;
				TARGETED_DEVICE_FAMILY = "1,2";
				VALIDATE_PRODUCT = YES;
			};
			name = Release;
		};
		DB0F4F541DF7F16A005D3E56 /* Debug */ = {
			isa = XCBuildConfiguration;
			buildSettings = {
				ASSETCATALOG_COMPILER_APPICON_NAME = AppIcon;
				INFOPLIST_FILE = Builder/Info.plist;
				LD_RUNPATH_SEARCH_PATHS = "$(inherited) @executable_path/Frameworks";
				PRODUCT_BUNDLE_IDENTIFIER = com.igor.nikolaev.Builder;
				PRODUCT_NAME = "$(TARGET_NAME)";
			};
			name = Debug;
		};
		DB0F4F551DF7F16A005D3E56 /* Release */ = {
			isa = XCBuildConfiguration;
			buildSettings = {
				ASSETCATALOG_COMPILER_APPICON_NAME = AppIcon;
				INFOPLIST_FILE = Builder/Info.plist;
				LD_RUNPATH_SEARCH_PATHS = "$(inherited) @executable_path/Frameworks";
				PRODUCT_BUNDLE_IDENTIFIER = com.igor.nikolaev.Builder;
				PRODUCT_NAME = "$(TARGET_NAME)";
			};
			name = Release;
		};
		DB0F4F571DF7F16A005D3E56 /* Debug */ = {
			isa = XCBuildConfiguration;
			buildSettings = {
				BUNDLE_LOADER = "$(TEST_HOST)";
				INFOPLIST_FILE = BuilderTests/Info.plist;
				LD_RUNPATH_SEARCH_PATHS = "$(inherited) @executable_path/Frameworks @loader_path/Frameworks";
				PRODUCT_BUNDLE_IDENTIFIER = com.igor.nikolaev.BuilderTests;
				PRODUCT_NAME = "$(TARGET_NAME)";
				TEST_HOST = "$(BUILT_PRODUCTS_DIR)/Builder.app/Builder";
			};
			name = Debug;
		};
		DB0F4F581DF7F16A005D3E56 /* Release */ = {
			isa = XCBuildConfiguration;
			buildSettings = {
				BUNDLE_LOADER = "$(TEST_HOST)";
				INFOPLIST_FILE = BuilderTests/Info.plist;
				LD_RUNPATH_SEARCH_PATHS = "$(inherited) @executable_path/Frameworks @loader_path/Frameworks";
				PRODUCT_BUNDLE_IDENTIFIER = com.igor.nikolaev.BuilderTests;
				PRODUCT_NAME = "$(TARGET_NAME)";
				TEST_HOST = "$(BUILT_PRODUCTS_DIR)/Builder.app/Builder";
			};
			name = Release;
		};
		DB0F4F5A1DF7F16A005D3E56 /* Debug */ = {
			isa = XCBuildConfiguration;
			buildSettings = {
				INFOPLIST_FILE = BuilderUITests/Info.plist;
				LD_RUNPATH_SEARCH_PATHS = "$(inherited) @executable_path/Frameworks @loader_path/Frameworks";
				PRODUCT_BUNDLE_IDENTIFIER = com.igor.nikolaev.BuilderUITests;
				PRODUCT_NAME = "$(TARGET_NAME)";
				TEST_TARGET_NAME = Builder;
			};
			name = Debug;
		};
		DB0F4F5B1DF7F16A005D3E56 /* Release */ = {
			isa = XCBuildConfiguration;
			buildSettings = {
				INFOPLIST_FILE = BuilderUITests/Info.plist;
				LD_RUNPATH_SEARCH_PATHS = "$(inherited) @executable_path/Frameworks @loader_path/Frameworks";
				PRODUCT_BUNDLE_IDENTIFIER = com.igor.nikolaev.BuilderUITests;
				PRODUCT_NAME = "$(TARGET_NAME)";
				TEST_TARGET_NAME = Builder;
			};
			name = Release;
		};
/* End XCBuildConfiguration section */

/* Begin XCConfigurationList section */
		DB0F4F211DF7F16A005D3E56 /* Build configuration list for PBXProject "Builder" */ = {
			isa = XCConfigurationList;
			buildConfigurations = (
				DB0F4F511DF7F16A005D3E56 /* Debug */,
				DB0F4F521DF7F16A005D3E56 /* Release */,
			);
			defaultConfigurationIsVisible = 0;
			defaultConfigurationName = Release;
		};
		DB0F4F531DF7F16A005D3E56 /* Build configuration list for PBXNativeTarget "Builder" */ = {
			isa = XCConfigurationList;
			buildConfigurations = (
				DB0F4F541DF7F16A005D3E56 /* Debug */,
				DB0F4F551DF7F16A005D3E56 /* Release */,
			);
			defaultConfigurationIsVisible = 0;
		};
		DB0F4F561DF7F16A005D3E56 /* Build configuration list for PBXNativeTarget "BuilderTests" */ = {
			isa = XCConfigurationList;
			buildConfigurations = (
				DB0F4F571DF7F16A005D3E56 /* Debug */,
				DB0F4F581DF7F16A005D3E56 /* Release */,
			);
			defaultConfigurationIsVisible = 0;
		};
		DB0F4F591DF7F16A005D3E56 /* Build configuration list for PBXNativeTarget "BuilderUITests" */ = {
			isa = XCConfigurationList;
			buildConfigurations = (
				DB0F4F5A1DF7F16A005D3E56 /* Debug */,
				DB0F4F5B1DF7F16A005D3E56 /* Release */,
			);
			defaultConfigurationIsVisible = 0;
		};
/* End XCConfigurationList section */
	};
	rootObject = DB0F4F1E1DF7F16A005D3E56 /* Project object */;
}
